
Microsoft Visual Studio Solution File, Format Version 12.00
# Visual Studio Version 17
VisualStudioVersion = 17.10.35122.118
MinimumVisualStudioVersion = 10.0.40219.1
Project("{FAE04EC0-301F-11D3-BF4B-00C04F79EFBC}") = "UML DIAGRAM", "UML DIAGRAM.csproj", "{CD6FAA9D-E146-4BF6-A697-EF8435B62477}"
EndProject
Global
	GlobalSection(SolutionConfigurationPlatforms) = preSolution
		Debug|Any CPU = Debug|Any CPU
		Release|Any CPU = Release|Any CPU
	EndGlobalSection
	GlobalSection(ProjectConfigurationPlatforms) = postSolution
		{CD6FAA9D-E146-4BF6-A697-EF8435B62477}.Debug|Any CPU.ActiveCfg = Debug|Any CPU
		{CD6FAA9D-E146-4BF6-A697-EF8435B62477}.Debug|Any CPU.Build.0 = Debug|Any CPU
		{CD6FAA9D-E146-4BF6-A697-EF8435B62477}.Release|Any CPU.ActiveCfg = Release|Any CPU
		{CD6FAA9D-E146-4BF6-A697-EF8435B62477}.Release|Any CPU.Build.0 = Release|Any CPU
	EndGlobalSection
	GlobalSection(SolutionProperties) = preSolution
		HideSolutionNode = FALSE
	EndGlobalSection
	GlobalSection(ExtensibilityGlobals) = postSolution
		SolutionGuid = {47A34BF3-2A8B-470C-B62C-411BFD888812}
	EndGlobalSection
EndGlobal
